
Microsoft Visual Studio Solution File, Format Version 11.00
# Visual Studio 2010
Project("{159641D6-6404-4A2A-AE62-294DE0FE8301}") = "SampleETL", "SampleETL.dtproj", "{BE386F14-C893-459C-8A7E-93D4F9704A97}"
EndProject
Global
	GlobalSection(SolutionConfigurationPlatforms) = preSolution
		Development|Default = Development|Default
	EndGlobalSection
	GlobalSection(ProjectConfigurationPlatforms) = postSolution
		{BE386F14-C893-459C-8A7E-93D4F9704A97}.Development|Default.ActiveCfg = Development
		{BE386F14-C893-459C-8A7E-93D4F9704A97}.Development|Default.Build.0 = Development
	EndGlobalSection
	GlobalSection(SolutionProperties) = preSolution
		HideSolutionNode = FALSE
	EndGlobalSection
EndGlobal
